// !$*UTF8*$!
{
	archiveVersion = 1;
	classes = {
	};
	objectVersion = 51;
	objects = {

/* Begin PBXBuildFile section */
		3D2FBF0F24780D010022407D /* LoginDataContainer.swift in Sources */ = {isa = PBXBuildFile; fileRef = 3D2FBF0E24780D010022407D /* LoginDataContainer.swift */; };
		3D43863024744296001B62D1 /* Extensions+String.swift in Sources */ = {isa = PBXBuildFile; fileRef = 3D43862F24744296001B62D1 /* Extensions+String.swift */; };
		3D43F71C2473D03000461A89 /* SignUpData.swift in Sources */ = {isa = PBXBuildFile; fileRef = 3D43F71B2473D03000461A89 /* SignUpData.swift */; };
		3D43F71E2473D04F00461A89 /* SignUpService.swift in Sources */ = {isa = PBXBuildFile; fileRef = 3D43F71D2473D04F00461A89 /* SignUpService.swift */; };
		3D53E1A924738DFD009DD294 /* APIConstants.swift in Sources */ = {isa = PBXBuildFile; fileRef = 3D53E1A824738DFD009DD294 /* APIConstants.swift */; };
		3D53E1AB24738E32009DD294 /* SignInData.swift in Sources */ = {isa = PBXBuildFile; fileRef = 3D53E1AA24738E32009DD294 /* SignInData.swift */; };
		3D53E1AD24738F52009DD294 /* NetworkResult.swift in Sources */ = {isa = PBXBuildFile; fileRef = 3D53E1AC24738F52009DD294 /* NetworkResult.swift */; };
		3D53E1AF24738F91009DD294 /* LoginService.swift in Sources */ = {isa = PBXBuildFile; fileRef = 3D53E1AE24738F91009DD294 /* LoginService.swift */; };
		3D80B6022468003100FEBA59 /* FriendVC.swift in Sources */ = {isa = PBXBuildFile; fileRef = 3D80B6012468003100FEBA59 /* FriendVC.swift */; };
		3D80B6062468028400FEBA59 /* Friends.swift in Sources */ = {isa = PBXBuildFile; fileRef = 3D80B6052468028400FEBA59 /* Friends.swift */; };
		3D80B608246816EE00FEBA59 /* ProfileCell.swift in Sources */ = {isa = PBXBuildFile; fileRef = 3D80B607246816EE00FEBA59 /* ProfileCell.swift */; };
		3D9DBA2024548876003651DD /* Extensions+UIColor.swift in Sources */ = {isa = PBXBuildFile; fileRef = 3D9DBA1F24548876003651DD /* Extensions+UIColor.swift */; };
		3D9DBA222454ADEF003651DD /* Extensions+Formatter.swift in Sources */ = {isa = PBXBuildFile; fileRef = 3D9DBA212454ADEF003651DD /* Extensions+Formatter.swift */; };
		3DADCF512455E62100B96DE1 /* LoginVC.swift in Sources */ = {isa = PBXBuildFile; fileRef = 3DADCF502455E62100B96DE1 /* LoginVC.swift */; };
		3DADCF532455E63200B96DE1 /* SignUpVC.swift in Sources */ = {isa = PBXBuildFile; fileRef = 3DADCF522455E63200B96DE1 /* SignUpVC.swift */; };
		3DADCF552455E64100B96DE1 /* MainHomeVC.swift in Sources */ = {isa = PBXBuildFile; fileRef = 3DADCF542455E64100B96DE1 /* MainHomeVC.swift */; };
		3DE2EC6124546A90002F629B /* AppDelegate.swift in Sources */ = {isa = PBXBuildFile; fileRef = 3DE2EC6024546A90002F629B /* AppDelegate.swift */; };
		3DE2EC6324546A90002F629B /* SceneDelegate.swift in Sources */ = {isa = PBXBuildFile; fileRef = 3DE2EC6224546A90002F629B /* SceneDelegate.swift */; };
		3DE2EC6524546A90002F629B /* CalculatorVC.swift in Sources */ = {isa = PBXBuildFile; fileRef = 3DE2EC6424546A90002F629B /* CalculatorVC.swift */; };
		3DE2EC6824546A90002F629B /* Main.storyboard in Resources */ = {isa = PBXBuildFile; fileRef = 3DE2EC6624546A90002F629B /* Main.storyboard */; };
		3DE2EC6A24546A92002F629B /* Assets.xcassets in Resources */ = {isa = PBXBuildFile; fileRef = 3DE2EC6924546A92002F629B /* Assets.xcassets */; };
		3DE2EC6D24546A92002F629B /* LaunchScreen.storyboard in Resources */ = {isa = PBXBuildFile; fileRef = 3DE2EC6B24546A92002F629B /* LaunchScreen.storyboard */; };
		3DE2EC7D24546CEB002F629B /* CalculateBrain.swift in Sources */ = {isa = PBXBuildFile; fileRef = 3DE2EC7C24546CEB002F629B /* CalculateBrain.swift */; };
		3DE941752472FD3200A8F0BB /* Extensions+TextField.swift in Sources */ = {isa = PBXBuildFile; fileRef = 3DE941742472FD3200A8F0BB /* Extensions+TextField.swift */; };
		6D9297586AA24691BCCF53E0 /* Pods_Assignment2ndSeminar.framework in Frameworks */ = {isa = PBXBuildFile; fileRef = E80759600FEF0E60BB88CB2A /* Pods_Assignment2ndSeminar.framework */; };
/* End PBXBuildFile section */

/* Begin PBXFileReference section */
		3D2FBF0E24780D010022407D /* LoginDataContainer.swift */ = {isa = PBXFileReference; lastKnownFileType = sourcecode.swift; path = LoginDataContainer.swift; sourceTree = "<group>"; };
		3D43862F24744296001B62D1 /* Extensions+String.swift */ = {isa = PBXFileReference; lastKnownFileType = sourcecode.swift; path = "Extensions+String.swift"; sourceTree = "<group>"; };
		3D43F71B2473D03000461A89 /* SignUpData.swift */ = {isa = PBXFileReference; lastKnownFileType = sourcecode.swift; path = SignUpData.swift; sourceTree = "<group>"; };
		3D43F71D2473D04F00461A89 /* SignUpService.swift */ = {isa = PBXFileReference; lastKnownFileType = sourcecode.swift; path = SignUpService.swift; sourceTree = "<group>"; };
		3D53E1A824738DFD009DD294 /* APIConstants.swift */ = {isa = PBXFileReference; lastKnownFileType = sourcecode.swift; path = APIConstants.swift; sourceTree = "<group>"; };
		3D53E1AA24738E32009DD294 /* SignInData.swift */ = {isa = PBXFileReference; lastKnownFileType = sourcecode.swift; path = SignInData.swift; sourceTree = "<group>"; };
		3D53E1AC24738F52009DD294 /* NetworkResult.swift */ = {isa = PBXFileReference; lastKnownFileType = sourcecode.swift; path = NetworkResult.swift; sourceTree = "<group>"; };
		3D53E1AE24738F91009DD294 /* LoginService.swift */ = {isa = PBXFileReference; lastKnownFileType = sourcecode.swift; path = LoginService.swift; sourceTree = "<group>"; };
		3D80B6012468003100FEBA59 /* FriendVC.swift */ = {isa = PBXFileReference; lastKnownFileType = sourcecode.swift; path = FriendVC.swift; sourceTree = "<group>"; };
		3D80B6052468028400FEBA59 /* Friends.swift */ = {isa = PBXFileReference; lastKnownFileType = sourcecode.swift; path = Friends.swift; sourceTree = "<group>"; };
		3D80B607246816EE00FEBA59 /* ProfileCell.swift */ = {isa = PBXFileReference; lastKnownFileType = sourcecode.swift; path = ProfileCell.swift; sourceTree = "<group>"; };
		3D9DBA1F24548876003651DD /* Extensions+UIColor.swift */ = {isa = PBXFileReference; lastKnownFileType = sourcecode.swift; path = "Extensions+UIColor.swift"; sourceTree = "<group>"; };
		3D9DBA212454ADEF003651DD /* Extensions+Formatter.swift */ = {isa = PBXFileReference; lastKnownFileType = sourcecode.swift; path = "Extensions+Formatter.swift"; sourceTree = "<group>"; };
		3DADCF502455E62100B96DE1 /* LoginVC.swift */ = {isa = PBXFileReference; lastKnownFileType = sourcecode.swift; path = LoginVC.swift; sourceTree = "<group>"; };
		3DADCF522455E63200B96DE1 /* SignUpVC.swift */ = {isa = PBXFileReference; lastKnownFileType = sourcecode.swift; path = SignUpVC.swift; sourceTree = "<group>"; };
		3DADCF542455E64100B96DE1 /* MainHomeVC.swift */ = {isa = PBXFileReference; lastKnownFileType = sourcecode.swift; path = MainHomeVC.swift; sourceTree = "<group>"; };
		3DE2EC5D24546A90002F629B /* Assignment2ndSeminar.app */ = {isa = PBXFileReference; explicitFileType = wrapper.application; includeInIndex = 0; path = Assignment2ndSeminar.app; sourceTree = BUILT_PRODUCTS_DIR; };
		3DE2EC6024546A90002F629B /* AppDelegate.swift */ = {isa = PBXFileReference; lastKnownFileType = sourcecode.swift; path = AppDelegate.swift; sourceTree = "<group>"; };
		3DE2EC6224546A90002F629B /* SceneDelegate.swift */ = {isa = PBXFileReference; lastKnownFileType = sourcecode.swift; path = SceneDelegate.swift; sourceTree = "<group>"; };
		3DE2EC6424546A90002F629B /* CalculatorVC.swift */ = {isa = PBXFileReference; lastKnownFileType = sourcecode.swift; path = CalculatorVC.swift; sourceTree = "<group>"; };
		3DE2EC6724546A90002F629B /* Base */ = {isa = PBXFileReference; lastKnownFileType = file.storyboard; name = Base; path = Base.lproj/Main.storyboard; sourceTree = "<group>"; };
		3DE2EC6924546A92002F629B /* Assets.xcassets */ = {isa = PBXFileReference; lastKnownFileType = folder.assetcatalog; path = Assets.xcassets; sourceTree = "<group>"; };
		3DE2EC6C24546A92002F629B /* Base */ = {isa = PBXFileReference; lastKnownFileType = file.storyboard; name = Base; path = Base.lproj/LaunchScreen.storyboard; sourceTree = "<group>"; };
		3DE2EC6E24546A92002F629B /* Info.plist */ = {isa = PBXFileReference; lastKnownFileType = text.plist.xml; path = Info.plist; sourceTree = "<group>"; };
		3DE2EC7C24546CEB002F629B /* CalculateBrain.swift */ = {isa = PBXFileReference; lastKnownFileType = sourcecode.swift; path = CalculateBrain.swift; sourceTree = "<group>"; };
		3DE941742472FD3200A8F0BB /* Extensions+TextField.swift */ = {isa = PBXFileReference; lastKnownFileType = sourcecode.swift; path = "Extensions+TextField.swift"; sourceTree = "<group>"; };
		BE9E7453772BDBC4240C60D9 /* Pods-Assignment2ndSeminar.debug.xcconfig */ = {isa = PBXFileReference; includeInIndex = 1; lastKnownFileType = text.xcconfig; name = "Pods-Assignment2ndSeminar.debug.xcconfig"; path = "Target Support Files/Pods-Assignment2ndSeminar/Pods-Assignment2ndSeminar.debug.xcconfig"; sourceTree = "<group>"; };
		E054DD2B1564CADD63FCCC2C /* Pods-Assignment2ndSeminar.release.xcconfig */ = {isa = PBXFileReference; includeInIndex = 1; lastKnownFileType = text.xcconfig; name = "Pods-Assignment2ndSeminar.release.xcconfig"; path = "Target Support Files/Pods-Assignment2ndSeminar/Pods-Assignment2ndSeminar.release.xcconfig"; sourceTree = "<group>"; };
		E80759600FEF0E60BB88CB2A /* Pods_Assignment2ndSeminar.framework */ = {isa = PBXFileReference; explicitFileType = wrapper.framework; includeInIndex = 0; path = Pods_Assignment2ndSeminar.framework; sourceTree = BUILT_PRODUCTS_DIR; };
/* End PBXFileReference section */

/* Begin PBXFrameworksBuildPhase section */
		3DE2EC5A24546A90002F629B /* Frameworks */ = {
			isa = PBXFrameworksBuildPhase;
			buildActionMask = 2147483647;
			files = (
				6D9297586AA24691BCCF53E0 /* Pods_Assignment2ndSeminar.framework in Frameworks */,
			);
			runOnlyForDeploymentPostprocessing = 0;
		};
/* End PBXFrameworksBuildPhase section */

/* Begin PBXGroup section */
		0BB533AAFBB4DFA120B8F92C /* Frameworks */ = {
			isa = PBXGroup;
			children = (
				E80759600FEF0E60BB88CB2A /* Pods_Assignment2ndSeminar.framework */,
			);
			name = Frameworks;
			sourceTree = "<group>";
		};
		3D9DBA1E24548869003651DD /* Extensions */ = {
			isa = PBXGroup;
			children = (
				3D9DBA1F24548876003651DD /* Extensions+UIColor.swift */,
				3D9DBA212454ADEF003651DD /* Extensions+Formatter.swift */,
				3DE941742472FD3200A8F0BB /* Extensions+TextField.swift */,
				3D43862F24744296001B62D1 /* Extensions+String.swift */,
			);
			path = Extensions;
			sourceTree = "<group>";
		};
		3D9DBA232455DD8C003651DD /* Assignments */ = {
			isa = PBXGroup;
			children = (
				3DE2EC6624546A90002F629B /* Main.storyboard */,
				3DE2EC7A24546CDC002F629B /* Model */,
				3DE2EC7524546A98002F629B /* View */,
			);
			path = Assignments;
			sourceTree = "<group>";
		};
		3DE2EC5424546A90002F629B = {
			isa = PBXGroup;
			children = (
				3DE2EC5F24546A90002F629B /* Assignment2ndSeminar */,
				3DE2EC5E24546A90002F629B /* Products */,
				A6B0EABF9B576EFF2217EF68 /* Pods */,
				0BB533AAFBB4DFA120B8F92C /* Frameworks */,
			);
			sourceTree = "<group>";
		};
		3DE2EC5E24546A90002F629B /* Products */ = {
			isa = PBXGroup;
			children = (
				3DE2EC5D24546A90002F629B /* Assignment2ndSeminar.app */,
			);
			name = Products;
			sourceTree = "<group>";
		};
		3DE2EC5F24546A90002F629B /* Assignment2ndSeminar */ = {
			isa = PBXGroup;
			children = (
				3D9DBA1E24548869003651DD /* Extensions */,
				3DE2EC7724546AA8002F629B /* Support */,
				3DE2EC7424546A98002F629B /* Scene */,
			);
			path = Assignment2ndSeminar;
			sourceTree = "<group>";
		};
		3DE2EC7424546A98002F629B /* Scene */ = {
			isa = PBXGroup;
			children = (
				3D9DBA232455DD8C003651DD /* Assignments */,
			);
			path = Scene;
			sourceTree = "<group>";
		};
		3DE2EC7524546A98002F629B /* View */ = {
			isa = PBXGroup;
			children = (
				3DE2EC7924546AD4002F629B /* Cells */,
				3DE2EC7624546A98002F629B /* ViewController */,
			);
			path = View;
			sourceTree = "<group>";
		};
		3DE2EC7624546A98002F629B /* ViewController */ = {
			isa = PBXGroup;
			children = (
				3DE2EC6424546A90002F629B /* CalculatorVC.swift */,
				3DADCF502455E62100B96DE1 /* LoginVC.swift */,
				3DADCF522455E63200B96DE1 /* SignUpVC.swift */,
				3DADCF542455E64100B96DE1 /* MainHomeVC.swift */,
				3D80B6012468003100FEBA59 /* FriendVC.swift */,
			);
			path = ViewController;
			sourceTree = "<group>";
		};
		3DE2EC7724546AA8002F629B /* Support */ = {
			isa = PBXGroup;
			children = (
				3DE2EC7824546AAC002F629B /* Delegates */,
				3DE2EC6924546A92002F629B /* Assets.xcassets */,
				3DE2EC6B24546A92002F629B /* LaunchScreen.storyboard */,
				3DE2EC6E24546A92002F629B /* Info.plist */,
			);
			path = Support;
			sourceTree = "<group>";
		};
		3DE2EC7824546AAC002F629B /* Delegates */ = {
			isa = PBXGroup;
			children = (
				3DE2EC6024546A90002F629B /* AppDelegate.swift */,
				3DE2EC6224546A90002F629B /* SceneDelegate.swift */,
			);
			path = Delegates;
			sourceTree = "<group>";
		};
		3DE2EC7924546AD4002F629B /* Cells */ = {
			isa = PBXGroup;
			children = (
				3D80B607246816EE00FEBA59 /* ProfileCell.swift */,
			);
			path = Cells;
			sourceTree = "<group>";
		};
		3DE2EC7A24546CDC002F629B /* Model */ = {
			isa = PBXGroup;
			children = (
				3D2FBF0E24780D010022407D /* LoginDataContainer.swift */,
				3DE941782472FF8000A8F0BB /* APIs */,
				3DE2EC7C24546CEB002F629B /* CalculateBrain.swift */,
				3D80B6052468028400FEBA59 /* Friends.swift */,
			);
			path = Model;
			sourceTree = "<group>";
		};
		3DE941782472FF8000A8F0BB /* APIs */ = {
			isa = PBXGroup;
			children = (
				3D53E1AA24738E32009DD294 /* SignInData.swift */,
				3D43F71B2473D03000461A89 /* SignUpData.swift */,
				3D53E1A824738DFD009DD294 /* APIConstants.swift */,
				3D53E1AC24738F52009DD294 /* NetworkResult.swift */,
				3D53E1AE24738F91009DD294 /* LoginService.swift */,
				3D43F71D2473D04F00461A89 /* SignUpService.swift */,
			);
			path = APIs;
			sourceTree = "<group>";
		};
		A6B0EABF9B576EFF2217EF68 /* Pods */ = {
			isa = PBXGroup;
			children = (
				BE9E7453772BDBC4240C60D9 /* Pods-Assignment2ndSeminar.debug.xcconfig */,
				E054DD2B1564CADD63FCCC2C /* Pods-Assignment2ndSeminar.release.xcconfig */,
			);
			path = Pods;
			sourceTree = "<group>";
		};
/* End PBXGroup section */

/* Begin PBXNativeTarget section */
		3DE2EC5C24546A90002F629B /* Assignment2ndSeminar */ = {
			isa = PBXNativeTarget;
			buildConfigurationList = 3DE2EC7124546A92002F629B /* Build configuration list for PBXNativeTarget "Assignment2ndSeminar" */;
			buildPhases = (
				728F7CBBE5071A0607740904 /* [CP] Check Pods Manifest.lock */,
				3DE2EC5924546A90002F629B /* Sources */,
				3DE2EC5A24546A90002F629B /* Frameworks */,
				3DE2EC5B24546A90002F629B /* Resources */,
				967095EB6BE31BC75FF80E5C /* [CP] Embed Pods Frameworks */,
			);
			buildRules = (
			);
			dependencies = (
			);
			name = Assignment2ndSeminar;
			productName = Assignment2ndSeminar;
			productReference = 3DE2EC5D24546A90002F629B /* Assignment2ndSeminar.app */;
			productType = "com.apple.product-type.application";
		};
/* End PBXNativeTarget section */

/* Begin PBXProject section */
		3DE2EC5524546A90002F629B /* Project object */ = {
			isa = PBXProject;
			attributes = {
				LastSwiftUpdateCheck = 1140;
				LastUpgradeCheck = 1140;
				ORGANIZATIONNAME = elesahich;
				TargetAttributes = {
					3DE2EC5C24546A90002F629B = {
						CreatedOnToolsVersion = 11.4.1;
					};
				};
			};
			buildConfigurationList = 3DE2EC5824546A90002F629B /* Build configuration list for PBXProject "Assignment2ndSeminar" */;
			compatibilityVersion = "Xcode 9.3";
			developmentRegion = en;
			hasScannedForEncodings = 0;
			knownRegions = (
				en,
				Base,
			);
			mainGroup = 3DE2EC5424546A90002F629B;
			productRefGroup = 3DE2EC5E24546A90002F629B /* Products */;
			projectDirPath = "";
			projectRoot = "";
			targets = (
				3DE2EC5C24546A90002F629B /* Assignment2ndSeminar */,
			);
		};
/* End PBXProject section */

/* Begin PBXResourcesBuildPhase section */
		3DE2EC5B24546A90002F629B /* Resources */ = {
			isa = PBXResourcesBuildPhase;
			buildActionMask = 2147483647;
			files = (
				3DE2EC6D24546A92002F629B /* LaunchScreen.storyboard in Resources */,
				3DE2EC6A24546A92002F629B /* Assets.xcassets in Resources */,
				3DE2EC6824546A90002F629B /* Main.storyboard in Resources */,
			);
			runOnlyForDeploymentPostprocessing = 0;
		};
/* End PBXResourcesBuildPhase section */

/* Begin PBXShellScriptBuildPhase section */
		728F7CBBE5071A0607740904 /* [CP] Check Pods Manifest.lock */ = {
			isa = PBXShellScriptBuildPhase;
			buildActionMask = 2147483647;
			files = (
			);
			inputFileListPaths = (
			);
			inputPaths = (
				"${PODS_PODFILE_DIR_PATH}/Podfile.lock",
				"${PODS_ROOT}/Manifest.lock",
			);
			name = "[CP] Check Pods Manifest.lock";
			outputFileListPaths = (
			);
			outputPaths = (
				"$(DERIVED_FILE_DIR)/Pods-Assignment2ndSeminar-checkManifestLockResult.txt",
			);
			runOnlyForDeploymentPostprocessing = 0;
			shellPath = /bin/sh;
			shellScript = "diff \"${PODS_PODFILE_DIR_PATH}/Podfile.lock\" \"${PODS_ROOT}/Manifest.lock\" > /dev/null\nif [ $? != 0 ] ; then\n    # print error to STDERR\n    echo \"error: The sandbox is not in sync with the Podfile.lock. Run 'pod install' or update your CocoaPods installation.\" >&2\n    exit 1\nfi\n# This output is used by Xcode 'outputs' to avoid re-running this script phase.\necho \"SUCCESS\" > \"${SCRIPT_OUTPUT_FILE_0}\"\n";
			showEnvVarsInLog = 0;
		};
		967095EB6BE31BC75FF80E5C /* [CP] Embed Pods Frameworks */ = {
			isa = PBXShellScriptBuildPhase;
			buildActionMask = 2147483647;
			files = (
			);
			inputFileListPaths = (
				"${PODS_ROOT}/Target Support Files/Pods-Assignment2ndSeminar/Pods-Assignment2ndSeminar-frameworks-${CONFIGURATION}-input-files.xcfilelist",
			);
			name = "[CP] Embed Pods Frameworks";
			outputFileListPaths = (
				"${PODS_ROOT}/Target Support Files/Pods-Assignment2ndSeminar/Pods-Assignment2ndSeminar-frameworks-${CONFIGURATION}-output-files.xcfilelist",
			);
			runOnlyForDeploymentPostprocessing = 0;
			shellPath = /bin/sh;
			shellScript = "\"${PODS_ROOT}/Target Support Files/Pods-Assignment2ndSeminar/Pods-Assignment2ndSeminar-frameworks.sh\"\n";
			showEnvVarsInLog = 0;
		};
/* End PBXShellScriptBuildPhase section */

/* Begin PBXSourcesBuildPhase section */
		3DE2EC5924546A90002F629B /* Sources */ = {
			isa = PBXSourcesBuildPhase;
			buildActionMask = 2147483647;
			files = (
				3D53E1AF24738F91009DD294 /* LoginService.swift in Sources */,
				3DADCF532455E63200B96DE1 /* SignUpVC.swift in Sources */,
				3D43F71E2473D04F00461A89 /* SignUpService.swift in Sources */,
				3DE2EC6524546A90002F629B /* CalculatorVC.swift in Sources */,
				3D43863024744296001B62D1 /* Extensions+String.swift in Sources */,
				3DE2EC6124546A90002F629B /* AppDelegate.swift in Sources */,
				3D80B608246816EE00FEBA59 /* ProfileCell.swift in Sources */,
				3DE941752472FD3200A8F0BB /* Extensions+TextField.swift in Sources */,
				3D53E1AB24738E32009DD294 /* SignInData.swift in Sources */,
				3DADCF512455E62100B96DE1 /* LoginVC.swift in Sources */,
				3D53E1AD24738F52009DD294 /* NetworkResult.swift in Sources */,
				3DE2EC7D24546CEB002F629B /* CalculateBrain.swift in Sources */,
				3DE2EC6324546A90002F629B /* SceneDelegate.swift in Sources */,
				3D53E1A924738DFD009DD294 /* APIConstants.swift in Sources */,
				3D80B6062468028400FEBA59 /* Friends.swift in Sources */,
				3D43F71C2473D03000461A89 /* SignUpData.swift in Sources */,
				3D80B6022468003100FEBA59 /* FriendVC.swift in Sources */,
				3D9DBA222454ADEF003651DD /* Extensions+Formatter.swift in Sources */,
				3DADCF552455E64100B96DE1 /* MainHomeVC.swift in Sources */,
				3D2FBF0F24780D010022407D /* LoginDataContainer.swift in Sources */,
				3D9DBA2024548876003651DD /* Extensions+UIColor.swift in Sources */,
			);
			runOnlyForDeploymentPostprocessing = 0;
		};
/* End PBXSourcesBuildPhase section */

/* Begin PBXVariantGroup section */
		3DE2EC6624546A90002F629B /* Main.storyboard */ = {
			isa = PBXVariantGroup;
			children = (
				3DE2EC6724546A90002F629B /* Base */,
			);
			name = Main.storyboard;
			sourceTree = "<group>";
		};
		3DE2EC6B24546A92002F629B /* LaunchScreen.storyboard */ = {
			isa = PBXVariantGroup;
			children = (
				3DE2EC6C24546A92002F629B /* Base */,
			);
			name = LaunchScreen.storyboard;
			sourceTree = "<group>";
		};
/* End PBXVariantGroup section */

/* Begin XCBuildConfiguration section */
		3DE2EC6F24546A92002F629B /* Debug */ = {
			isa = XCBuildConfiguration;
			buildSettings = {
				ALWAYS_SEARCH_USER_PATHS = NO;
				CLANG_ANALYZER_NONNULL = YES;
				CLANG_ANALYZER_NUMBER_OBJECT_CONVERSION = YES_AGGRESSIVE;
				CLANG_CXX_LANGUAGE_STANDARD = "gnu++14";
				CLANG_CXX_LIBRARY = "libc++";
				CLANG_ENABLE_MODULES = YES;
				CLANG_ENABLE_OBJC_ARC = YES;
				CLANG_ENABLE_OBJC_WEAK = YES;
				CLANG_WARN_BLOCK_CAPTURE_AUTORELEASING = YES;
				CLANG_WARN_BOOL_CONVERSION = YES;
				CLANG_WARN_COMMA = YES;
				CLANG_WARN_CONSTANT_CONVERSION = YES;
				CLANG_WARN_DEPRECATED_OBJC_IMPLEMENTATIONS = YES;
				CLANG_WARN_DIRECT_OBJC_ISA_USAGE = YES_ERROR;
				CLANG_WARN_DOCUMENTATION_COMMENTS = YES;
				CLANG_WARN_EMPTY_BODY = YES;
				CLANG_WARN_ENUM_CONVERSION = YES;
				CLANG_WARN_INFINITE_RECURSION = YES;
				CLANG_WARN_INT_CONVERSION = YES;
				CLANG_WARN_NON_LITERAL_NULL_CONVERSION = YES;
				CLANG_WARN_OBJC_IMPLICIT_RETAIN_SELF = YES;
				CLANG_WARN_OBJC_LITERAL_CONVERSION = YES;
				CLANG_WARN_OBJC_ROOT_CLASS = YES_ERROR;
				CLANG_WARN_RANGE_LOOP_ANALYSIS = YES;
				CLANG_WARN_STRICT_PROTOTYPES = YES;
				CLANG_WARN_SUSPICIOUS_MOVE = YES;
				CLANG_WARN_UNGUARDED_AVAILABILITY = YES_AGGRESSIVE;
				CLANG_WARN_UNREACHABLE_CODE = YES;
				CLANG_WARN__DUPLICATE_METHOD_MATCH = YES;
				COPY_PHASE_STRIP = NO;
				DEBUG_INFORMATION_FORMAT = dwarf;
				ENABLE_STRICT_OBJC_MSGSEND = YES;
				ENABLE_TESTABILITY = YES;
				GCC_C_LANGUAGE_STANDARD = gnu11;
				GCC_DYNAMIC_NO_PIC = NO;
				GCC_NO_COMMON_BLOCKS = YES;
				GCC_OPTIMIZATION_LEVEL = 0;
				GCC_PREPROCESSOR_DEFINITIONS = (
					"DEBUG=1",
					"$(inherited)",
				);
				GCC_WARN_64_TO_32_BIT_CONVERSION = YES;
				GCC_WARN_ABOUT_RETURN_TYPE = YES_ERROR;
				GCC_WARN_UNDECLARED_SELECTOR = YES;
				GCC_WARN_UNINITIALIZED_AUTOS = YES_AGGRESSIVE;
				GCC_WARN_UNUSED_FUNCTION = YES;
				GCC_WARN_UNUSED_VARIABLE = YES;
				IPHONEOS_DEPLOYMENT_TARGET = 13.3;
				MTL_ENABLE_DEBUG_INFO = INCLUDE_SOURCE;
				MTL_FAST_MATH = YES;
				ONLY_ACTIVE_ARCH = YES;
				SDKROOT = iphoneos;
				SWIFT_ACTIVE_COMPILATION_CONDITIONS = DEBUG;
				SWIFT_OPTIMIZATION_LEVEL = "-Onone";
			};
			name = Debug;
		};
		3DE2EC7024546A92002F629B /* Release */ = {
			isa = XCBuildConfiguration;
			buildSettings = {
				ALWAYS_SEARCH_USER_PATHS = NO;
				CLANG_ANALYZER_NONNULL = YES;
				CLANG_ANALYZER_NUMBER_OBJECT_CONVERSION = YES_AGGRESSIVE;
				CLANG_CXX_LANGUAGE_STANDARD = "gnu++14";
				CLANG_CXX_LIBRARY = "libc++";
				CLANG_ENABLE_MODULES = YES;
				CLANG_ENABLE_OBJC_ARC = YES;
				CLANG_ENABLE_OBJC_WEAK = YES;
				CLANG_WARN_BLOCK_CAPTURE_AUTORELEASING = YES;
				CLANG_WARN_BOOL_CONVERSION = YES;
				CLANG_WARN_COMMA = YES;
				CLANG_WARN_CONSTANT_CONVERSION = YES;
				CLANG_WARN_DEPRECATED_OBJC_IMPLEMENTATIONS = YES;
				CLANG_WARN_DIRECT_OBJC_ISA_USAGE = YES_ERROR;
				CLANG_WARN_DOCUMENTATION_COMMENTS = YES;
				CLANG_WARN_EMPTY_BODY = YES;
				CLANG_WARN_ENUM_CONVERSION = YES;
				CLANG_WARN_INFINITE_RECURSION = YES;
				CLANG_WARN_INT_CONVERSION = YES;
				CLANG_WARN_NON_LITERAL_NULL_CONVERSION = YES;
				CLANG_WARN_OBJC_IMPLICIT_RETAIN_SELF = YES;
				CLANG_WARN_OBJC_LITERAL_CONVERSION = YES;
				CLANG_WARN_OBJC_ROOT_CLASS = YES_ERROR;
				CLANG_WARN_RANGE_LOOP_ANALYSIS = YES;
				CLANG_WARN_STRICT_PROTOTYPES = YES;
				CLANG_WARN_SUSPICIOUS_MOVE = YES;
				CLANG_WARN_UNGUARDED_AVAILABILITY = YES_AGGRESSIVE;
				CLANG_WARN_UNREACHABLE_CODE = YES;
				CLANG_WARN__DUPLICATE_METHOD_MATCH = YES;
				COPY_PHASE_STRIP = NO;
				DEBUG_INFORMATION_FORMAT = "dwarf-with-dsym";
				ENABLE_NS_ASSERTIONS = NO;
				ENABLE_STRICT_OBJC_MSGSEND = YES;
				GCC_C_LANGUAGE_STANDARD = gnu11;
				GCC_NO_COMMON_BLOCKS = YES;
				GCC_WARN_64_TO_32_BIT_CONVERSION = YES;
				GCC_WARN_ABOUT_RETURN_TYPE = YES_ERROR;
				GCC_WARN_UNDECLARED_SELECTOR = YES;
				GCC_WARN_UNINITIALIZED_AUTOS = YES_AGGRESSIVE;
				GCC_WARN_UNUSED_FUNCTION = YES;
				GCC_WARN_UNUSED_VARIABLE = YES;
				IPHONEOS_DEPLOYMENT_TARGET = 13.3;
				MTL_ENABLE_DEBUG_INFO = NO;
				MTL_FAST_MATH = YES;
				SDKROOT = iphoneos;
				SWIFT_COMPILATION_MODE = wholemodule;
				SWIFT_OPTIMIZATION_LEVEL = "-O";
				VALIDATE_PRODUCT = YES;
			};
			name = Release;
		};
		3DE2EC7224546A92002F629B /* Debug */ = {
			isa = XCBuildConfiguration;
			baseConfigurationReference = BE9E7453772BDBC4240C60D9 /* Pods-Assignment2ndSeminar.debug.xcconfig */;
			buildSettings = {
				ASSETCATALOG_COMPILER_APPICON_NAME = AppIcon;
				CODE_SIGN_STYLE = Automatic;
				DEVELOPMENT_TEAM = BWM6S332K8;
				INFOPLIST_FILE = Assignment2ndSeminar/Support/Info.plist;
				LD_RUNPATH_SEARCH_PATHS = (
					"$(inherited)",
					"@executable_path/Frameworks",
				);
				PRODUCT_BUNDLE_IDENTIFIER = elesahich.kr.Assignment2ndSeminar;
				PRODUCT_NAME = "$(TARGET_NAME)";
				SWIFT_VERSION = 5.0;
				TARGETED_DEVICE_FAMILY = "1,2";
			};
			name = Debug;
		};
		3DE2EC7324546A92002F629B /* Release */ = {
			isa = XCBuildConfiguration;
			baseConfigurationReference = E054DD2B1564CADD63FCCC2C /* Pods-Assignment2ndSeminar.release.xcconfig */;
			buildSettings = {
				ASSETCATALOG_COMPILER_APPICON_NAME = AppIcon;
				CODE_SIGN_STYLE = Automatic;
				DEVELOPMENT_TEAM = BWM6S332K8;
				INFOPLIST_FILE = Assignment2ndSeminar/Support/Info.plist;
				LD_RUNPATH_SEARCH_PATHS = (
					"$(inherited)",
					"@executable_path/Frameworks",
				);
				PRODUCT_BUNDLE_IDENTIFIER = elesahich.kr.Assignment2ndSeminar;
				PRODUCT_NAME = "$(TARGET_NAME)";
				SWIFT_VERSION = 5.0;
				TARGETED_DEVICE_FAMILY = "1,2";
			};
			name = Release;
		};
/* End XCBuildConfiguration section */

/* Begin XCConfigurationList section */
		3DE2EC5824546A90002F629B /* Build configuration list for PBXProject "Assignment2ndSeminar" */ = {
			isa = XCConfigurationList;
			buildConfigurations = (
				3DE2EC6F24546A92002F629B /* Debug */,
				3DE2EC7024546A92002F629B /* Release */,
			);
			defaultConfigurationIsVisible = 0;
			defaultConfigurationName = Release;
		};
		3DE2EC7124546A92002F629B /* Build configuration list for PBXNativeTarget "Assignment2ndSeminar" */ = {
			isa = XCConfigurationList;
			buildConfigurations = (
				3DE2EC7224546A92002F629B /* Debug */,
				3DE2EC7324546A92002F629B /* Release */,
			);
			defaultConfigurationIsVisible = 0;
			defaultConfigurationName = Release;
		};
/* End XCConfigurationList section */
	};
	rootObject = 3DE2EC5524546A90002F629B /* Project object */;
}
